// !$*UTF8*$!
{
	archiveVersion = 1;
	classes = {
	};
	objectVersion = 77;
	objects = {

/* Begin PBXBuildFile section */
		83DE43112EF4F76F00680C01 /* AsciiquariumCore in Frameworks */ = {isa = PBXBuildFile; productRef = 83DE43102EF4F76F00680C01 /* AsciiquariumCore */; };
/* End PBXBuildFile section */

/* Begin PBXContainerItemProxy section */
		83DE42F22EF4F75800680C01 /* PBXContainerItemProxy */ = {
			isa = PBXContainerItemProxy;
			containerPortal = 83DE42DC2EF4F75700680C01 /* Project object */;
			proxyType = 1;
			remoteGlobalIDString = 83DE42E32EF4F75700680C01;
			remoteInfo = AsciiquariumApp;
		};
		83DE42FC2EF4F75800680C01 /* PBXContainerItemProxy */ = {
			isa = PBXContainerItemProxy;
			containerPortal = 83DE42DC2EF4F75700680C01 /* Project object */;
			proxyType = 1;
			remoteGlobalIDString = 83DE42E32EF4F75700680C01;
			remoteInfo = AsciiquariumApp;
		};
/* End PBXContainerItemProxy section */

/* Begin PBXFileReference section */
		83DE42E42EF4F75700680C01 /* AsciiquariumApp.app */ = {isa = PBXFileReference; explicitFileType = wrapper.application; includeInIndex = 0; path = AsciiquariumApp.app; sourceTree = BUILT_PRODUCTS_DIR; };
		83DE42F12EF4F75800680C01 /* AsciiquariumAppTests.xctest */ = {isa = PBXFileReference; explicitFileType = wrapper.cfbundle; includeInIndex = 0; path = AsciiquariumAppTests.xctest; sourceTree = BUILT_PRODUCTS_DIR; };
		83DE42FB2EF4F75800680C01 /* AsciiquariumAppUITests.xctest */ = {isa = PBXFileReference; explicitFileType = wrapper.cfbundle; includeInIndex = 0; path = AsciiquariumAppUITests.xctest; sourceTree = BUILT_PRODUCTS_DIR; };
/* End PBXFileReference section */

/* Begin PBXFileSystemSynchronizedRootGroup section */
		83DE42E62EF4F75700680C01 /* AsciiquariumApp */ = {
			isa = PBXFileSystemSynchronizedRootGroup;
			path = AsciiquariumApp;
			sourceTree = "<group>";
		};
		83DE42F42EF4F75800680C01 /* AsciiquariumAppTests */ = {
			isa = PBXFileSystemSynchronizedRootGroup;
			path = AsciiquariumAppTests;
			sourceTree = "<group>";
		};
		83DE42FE2EF4F75800680C01 /* AsciiquariumAppUITests */ = {
			isa = PBXFileSystemSynchronizedRootGroup;
			path = AsciiquariumAppUITests;
			sourceTree = "<group>";
		};
/* End PBXFileSystemSynchronizedRootGroup section */

/* Begin PBXFrameworksBuildPhase section */
		83DE42E12EF4F75700680C01 /* Frameworks */ = {
			isa = PBXFrameworksBuildPhase;
			buildActionMask = 2147483647;
			files = (
				83DE43112EF4F76F00680C01 /* AsciiquariumCore in Frameworks */,
			);
			runOnlyForDeploymentPostprocessing = 0;
		};
		83DE42EE2EF4F75800680C01 /* Frameworks */ = {
			isa = PBXFrameworksBuildPhase;
			buildActionMask = 2147483647;
			files = (
			);
			runOnlyForDeploymentPostprocessing = 0;
		};
		83DE42F82EF4F75800680C01 /* Frameworks */ = {
			isa = PBXFrameworksBuildPhase;
			buildActionMask = 2147483647;
			files = (
			);
			runOnlyForDeploymentPostprocessing = 0;
		};
/* End PBXFrameworksBuildPhase section */

/* Begin PBXGroup section */
		83DE42DB2EF4F75700680C01 = {
			isa = PBXGroup;
			children = (
				83DE42E62EF4F75700680C01 /* AsciiquariumApp */,
				83DE42F42EF4F75800680C01 /* AsciiquariumAppTests */,
				83DE42FE2EF4F75800680C01 /* AsciiquariumAppUITests */,
				83DE430F2EF4F76F00680C01 /* Frameworks */,
				83DE42E52EF4F75700680C01 /* Products */,
			);
			sourceTree = "<group>";
		};
		83DE42E52EF4F75700680C01 /* Products */ = {
			isa = PBXGroup;
			children = (
				83DE42E42EF4F75700680C01 /* AsciiquariumApp.app */,
				83DE42F12EF4F75800680C01 /* AsciiquariumAppTests.xctest */,
				83DE42FB2EF4F75800680C01 /* AsciiquariumAppUITests.xctest */,
			);
			name = Products;
			sourceTree = "<group>";
		};
		83DE430F2EF4F76F00680C01 /* Frameworks */ = {
			isa = PBXGroup;
			children = (
			);
			name = Frameworks;
			sourceTree = "<group>";
		};
/* End PBXGroup section */

/* Begin PBXNativeTarget section */
		83DE42E32EF4F75700680C01 /* AsciiquariumApp */ = {
			isa = PBXNativeTarget;
			buildConfigurationList = 83DE43052EF4F75800680C01 /* Build configuration list for PBXNativeTarget "AsciiquariumApp" */;
			buildPhases = (
				83DE42E02EF4F75700680C01 /* Sources */,
				83DE42E12EF4F75700680C01 /* Frameworks */,
				83DE42E22EF4F75700680C01 /* Resources */,
			);
			buildRules = (
			);
			dependencies = (
			);
			fileSystemSynchronizedGroups = (
				83DE42E62EF4F75700680C01 /* AsciiquariumApp */,
			);
			name = AsciiquariumApp;
			packageProductDependencies = (
				83DE43102EF4F76F00680C01 /* AsciiquariumCore */,
			);
			productName = AsciiquariumApp;
			productReference = 83DE42E42EF4F75700680C01 /* AsciiquariumApp.app */;
			productType = "com.apple.product-type.application";
		};
		83DE42F02EF4F75800680C01 /* AsciiquariumAppTests */ = {
			isa = PBXNativeTarget;
			buildConfigurationList = 83DE43082EF4F75800680C01 /* Build configuration list for PBXNativeTarget "AsciiquariumAppTests" */;
			buildPhases = (
				83DE42ED2EF4F75800680C01 /* Sources */,
				83DE42EE2EF4F75800680C01 /* Frameworks */,
				83DE42EF2EF4F75800680C01 /* Resources */,
			);
			buildRules = (
			);
			dependencies = (
				83DE42F32EF4F75800680C01 /* PBXTargetDependency */,
			);
			fileSystemSynchronizedGroups = (
				83DE42F42EF4F75800680C01 /* AsciiquariumAppTests */,
			);
			name = AsciiquariumAppTests;
			packageProductDependencies = (
			);
			productName = AsciiquariumAppTests;
			productReference = 83DE42F12EF4F75800680C01 /* AsciiquariumAppTests.xctest */;
			productType = "com.apple.product-type.bundle.unit-test";
		};
		83DE42FA2EF4F75800680C01 /* AsciiquariumAppUITests */ = {
			isa = PBXNativeTarget;
			buildConfigurationList = 83DE430B2EF4F75800680C01 /* Build configuration list for PBXNativeTarget "AsciiquariumAppUITests" */;
			buildPhases = (
				83DE42F72EF4F75800680C01 /* Sources */,
				83DE42F82EF4F75800680C01 /* Frameworks */,
				83DE42F92EF4F75800680C01 /* Resources */,
			);
			buildRules = (
			);
			dependencies = (
				83DE42FD2EF4F75800680C01 /* PBXTargetDependency */,
			);
			fileSystemSynchronizedGroups = (
				83DE42FE2EF4F75800680C01 /* AsciiquariumAppUITests */,
			);
			name = AsciiquariumAppUITests;
			packageProductDependencies = (
			);
			productName = AsciiquariumAppUITests;
			productReference = 83DE42FB2EF4F75800680C01 /* AsciiquariumAppUITests.xctest */;
			productType = "com.apple.product-type.bundle.ui-testing";
		};
/* End PBXNativeTarget section */

/* Begin PBXProject section */
		83DE42DC2EF4F75700680C01 /* Project object */ = {
			isa = PBXProject;
			attributes = {
				BuildIndependentTargetsInParallel = 1;
				LastSwiftUpdateCheck = 2620;
				LastUpgradeCheck = 2620;
				TargetAttributes = {
					83DE42E32EF4F75700680C01 = {
						CreatedOnToolsVersion = 26.2;
					};
					83DE42F02EF4F75800680C01 = {
						CreatedOnToolsVersion = 26.2;
						TestTargetID = 83DE42E32EF4F75700680C01;
					};
					83DE42FA2EF4F75800680C01 = {
						CreatedOnToolsVersion = 26.2;
						TestTargetID = 83DE42E32EF4F75700680C01;
					};
				};
			};
			buildConfigurationList = 83DE42DF2EF4F75700680C01 /* Build configuration list for PBXProject "AsciiquariumApp" */;
			developmentRegion = en;
			hasScannedForEncodings = 0;
			knownRegions = (
				en,
				Base,
			);
			mainGroup = 83DE42DB2EF4F75700680C01;
			minimizedProjectReferenceProxies = 1;
			packageReferences = (
				83DE430E2EF4F76700680C01 /* XCLocalSwiftPackageReference "../../../asciiquarium-screensaver" */,
			);
			preferredProjectObjectVersion = 77;
			productRefGroup = 83DE42E52EF4F75700680C01 /* Products */;
			projectDirPath = "";
			projectRoot = "";
			targets = (
				83DE42E32EF4F75700680C01 /* AsciiquariumApp */,
				83DE42F02EF4F75800680C01 /* AsciiquariumAppTests */,
				83DE42FA2EF4F75800680C01 /* AsciiquariumAppUITests */,
			);
		};
/* End PBXProject section */

/* Begin PBXResourcesBuildPhase section */
		83DE42E22EF4F75700680C01 /* Resources */ = {
			isa = PBXResourcesBuildPhase;
			buildActionMask = 2147483647;
			files = (
			);
			runOnlyForDeploymentPostprocessing = 0;
		};
		83DE42EF2EF4F75800680C01 /* Resources */ = {
			isa = PBXResourcesBuildPhase;
			buildActionMask = 2147483647;
			files = (
			);
			runOnlyForDeploymentPostprocessing = 0;
		};
		83DE42F92EF4F75800680C01 /* Resources */ = {
			isa = PBXResourcesBuildPhase;
			buildActionMask = 2147483647;
			files = (
			);
			runOnlyForDeploymentPostprocessing = 0;
		};
/* End PBXResourcesBuildPhase section */

/* Begin PBXSourcesBuildPhase section */
		83DE42E02EF4F75700680C01 /* Sources */ = {
			isa = PBXSourcesBuildPhase;
			buildActionMask = 2147483647;
			files = (
			);
			runOnlyForDeploymentPostprocessing = 0;
		};
		83DE42ED2EF4F75800680C01 /* Sources */ = {
			isa = PBXSourcesBuildPhase;
			buildActionMask = 2147483647;
			files = (
			);
			runOnlyForDeploymentPostprocessing = 0;
		};
		83DE42F72EF4F75800680C01 /* Sources */ = {
			isa = PBXSourcesBuildPhase;
			buildActionMask = 2147483647;
			files = (
			);
			runOnlyForDeploymentPostprocessing = 0;
		};
/* End PBXSourcesBuildPhase section */

/* Begin PBXTargetDependency section */
		83DE42F32EF4F75800680C01 /* PBXTargetDependency */ = {
			isa = PBXTargetDependency;
			target = 83DE42E32EF4F75700680C01 /* AsciiquariumApp */;
			targetProxy = 83DE42F22EF4F75800680C01 /* PBXContainerItemProxy */;
		};
		83DE42FD2EF4F75800680C01 /* PBXTargetDependency */ = {
			isa = PBXTargetDependency;
			target = 83DE42E32EF4F75700680C01 /* AsciiquariumApp */;
			targetProxy = 83DE42FC2EF4F75800680C01 /* PBXContainerItemProxy */;
		};
/* End PBXTargetDependency section */

/* Begin XCBuildConfiguration section */
		83DE43032EF4F75800680C01 /* Debug */ = {
			isa = XCBuildConfiguration;
			buildSettings = {
				ALWAYS_SEARCH_USER_PATHS = NO;
				ASSETCATALOG_COMPILER_GENERATE_SWIFT_ASSET_SYMBOL_EXTENSIONS = YES;
				CLANG_ANALYZER_NONNULL = YES;
				CLANG_ANALYZER_NUMBER_OBJECT_CONVERSION = YES_AGGRESSIVE;
				CLANG_CXX_LANGUAGE_STANDARD = "gnu++20";
				CLANG_ENABLE_MODULES = YES;
				CLANG_ENABLE_OBJC_ARC = YES;
				CLANG_ENABLE_OBJC_WEAK = YES;
				CLANG_WARN_BLOCK_CAPTURE_AUTORELEASING = YES;
				CLANG_WARN_BOOL_CONVERSION = YES;
				CLANG_WARN_COMMA = YES;
				CLANG_WARN_CONSTANT_CONVERSION = YES;
				CLANG_WARN_DEPRECATED_OBJC_IMPLEMENTATIONS = YES;
				CLANG_WARN_DIRECT_OBJC_ISA_USAGE = YES_ERROR;
				CLANG_WARN_DOCUMENTATION_COMMENTS = YES;
				CLANG_WARN_EMPTY_BODY = YES;
				CLANG_WARN_ENUM_CONVERSION = YES;
				CLANG_WARN_INFINITE_RECURSION = YES;
				CLANG_WARN_INT_CONVERSION = YES;
				CLANG_WARN_NON_LITERAL_NULL_CONVERSION = YES;
				CLANG_WARN_OBJC_IMPLICIT_RETAIN_SELF = YES;
				CLANG_WARN_OBJC_LITERAL_CONVERSION = YES;
				CLANG_WARN_OBJC_ROOT_CLASS = YES_ERROR;
				CLANG_WARN_QUOTED_INCLUDE_IN_FRAMEWORK_HEADER = YES;
				CLANG_WARN_RANGE_LOOP_ANALYSIS = YES;
				CLANG_WARN_STRICT_PROTOTYPES = YES;
				CLANG_WARN_SUSPICIOUS_MOVE = YES;
				CLANG_WARN_UNGUARDED_AVAILABILITY = YES_AGGRESSIVE;
				CLANG_WARN_UNREACHABLE_CODE = YES;
				CLANG_WARN__DUPLICATE_METHOD_MATCH = YES;
				COPY_PHASE_STRIP = NO;
				DEBUG_INFORMATION_FORMAT = dwarf;
				DEVELOPMENT_TEAM = KZC6WCF868;
				ENABLE_STRICT_OBJC_MSGSEND = YES;
				ENABLE_TESTABILITY = YES;
				ENABLE_USER_SCRIPT_SANDBOXING = YES;
				GCC_C_LANGUAGE_STANDARD = gnu17;
				GCC_DYNAMIC_NO_PIC = NO;
				GCC_NO_COMMON_BLOCKS = YES;
				GCC_OPTIMIZATION_LEVEL = 0;
				GCC_PREPROCESSOR_DEFINITIONS = (
					"DEBUG=1",
					"$(inherited)",
				);
				GCC_WARN_64_TO_32_BIT_CONVERSION = YES;
				GCC_WARN_ABOUT_RETURN_TYPE = YES_ERROR;
				GCC_WARN_UNDECLARED_SELECTOR = YES;
				GCC_WARN_UNINITIALIZED_AUTOS = YES_AGGRESSIVE;
				GCC_WARN_UNUSED_FUNCTION = YES;
				GCC_WARN_UNUSED_VARIABLE = YES;
				LOCALIZATION_PREFERS_STRING_CATALOGS = YES;
				MACOSX_DEPLOYMENT_TARGET = 15.7;
				MTL_ENABLE_DEBUG_INFO = INCLUDE_SOURCE;
				MTL_FAST_MATH = YES;
				ONLY_ACTIVE_ARCH = YES;
				SDKROOT = macosx;
				SWIFT_ACTIVE_COMPILATION_CONDITIONS = "DEBUG $(inherited)";
				SWIFT_OPTIMIZATION_LEVEL = "-Onone";
			};
			name = Debug;
		};
		83DE43042EF4F75800680C01 /* Release */ = {
			isa = XCBuildConfiguration;
			buildSettings = {
				ALWAYS_SEARCH_USER_PATHS = NO;
				ASSETCATALOG_COMPILER_GENERATE_SWIFT_ASSET_SYMBOL_EXTENSIONS = YES;
				CLANG_ANALYZER_NONNULL = YES;
				CLANG_ANALYZER_NUMBER_OBJECT_CONVERSION = YES_AGGRESSIVE;
				CLANG_CXX_LANGUAGE_STANDARD = "gnu++20";
				CLANG_ENABLE_MODULES = YES;
				CLANG_ENABLE_OBJC_ARC = YES;
				CLANG_ENABLE_OBJC_WEAK = YES;
				CLANG_WARN_BLOCK_CAPTURE_AUTORELEASING = YES;
				CLANG_WARN_BOOL_CONVERSION = YES;
				CLANG_WARN_COMMA = YES;
				CLANG_WARN_CONSTANT_CONVERSION = YES;
				CLANG_WARN_DEPRECATED_OBJC_IMPLEMENTATIONS = YES;
				CLANG_WARN_DIRECT_OBJC_ISA_USAGE = YES_ERROR;
				CLANG_WARN_DOCUMENTATION_COMMENTS = YES;
				CLANG_WARN_EMPTY_BODY = YES;
				CLANG_WARN_ENUM_CONVERSION = YES;
				CLANG_WARN_INFINITE_RECURSION = YES;
				CLANG_WARN_INT_CONVERSION = YES;
				CLANG_WARN_NON_LITERAL_NULL_CONVERSION = YES;
				CLANG_WARN_OBJC_IMPLICIT_RETAIN_SELF = YES;
				CLANG_WARN_OBJC_LITERAL_CONVERSION = YES;
				CLANG_WARN_OBJC_ROOT_CLASS = YES_ERROR;
				CLANG_WARN_QUOTED_INCLUDE_IN_FRAMEWORK_HEADER = YES;
				CLANG_WARN_RANGE_LOOP_ANALYSIS = YES;
				CLANG_WARN_STRICT_PROTOTYPES = YES;
				CLANG_WARN_SUSPICIOUS_MOVE = YES;
				CLANG_WARN_UNGUARDED_AVAILABILITY = YES_AGGRESSIVE;
				CLANG_WARN_UNREACHABLE_CODE = YES;
				CLANG_WARN__DUPLICATE_METHOD_MATCH = YES;
				COPY_PHASE_STRIP = NO;
				DEBUG_INFORMATION_FORMAT = "dwarf-with-dsym";
				DEVELOPMENT_TEAM = KZC6WCF868;
				ENABLE_NS_ASSERTIONS = NO;
				ENABLE_STRICT_OBJC_MSGSEND = YES;
				ENABLE_USER_SCRIPT_SANDBOXING = YES;
				GCC_C_LANGUAGE_STANDARD = gnu17;
				GCC_NO_COMMON_BLOCKS = YES;
				GCC_WARN_64_TO_32_BIT_CONVERSION = YES;
				GCC_WARN_ABOUT_RETURN_TYPE = YES_ERROR;
				GCC_WARN_UNDECLARED_SELECTOR = YES;
				GCC_WARN_UNINITIALIZED_AUTOS = YES_AGGRESSIVE;
				GCC_WARN_UNUSED_FUNCTION = YES;
				GCC_WARN_UNUSED_VARIABLE = YES;
				LOCALIZATION_PREFERS_STRING_CATALOGS = YES;
				MACOSX_DEPLOYMENT_TARGET = 15.7;
				MTL_ENABLE_DEBUG_INFO = NO;
				MTL_FAST_MATH = YES;
				SDKROOT = macosx;
				SWIFT_COMPILATION_MODE = wholemodule;
			};
			name = Release;
		};
		83DE43062EF4F75800680C01 /* Debug */ = {
			isa = XCBuildConfiguration;
			buildSettings = {
				ASSETCATALOG_COMPILER_APPICON_NAME = AppIcon;
				ASSETCATALOG_COMPILER_GLOBAL_ACCENT_COLOR_NAME = AccentColor;
				CODE_SIGN_STYLE = Automatic;
				COMBINE_HIDPI_IMAGES = YES;
				CURRENT_PROJECT_VERSION = 1;
				DEVELOPMENT_TEAM = KZC6WCF868;
				ENABLE_APP_SANDBOX = YES;
				ENABLE_HARDENED_RUNTIME = YES;
				ENABLE_PREVIEWS = YES;
				ENABLE_USER_SELECTED_FILES = readonly;
				GENERATE_INFOPLIST_FILE = YES;
				INFOPLIST_KEY_NSHumanReadableCopyright = "";
				LD_RUNPATH_SEARCH_PATHS = (
					"$(inherited)",
					"@executable_path/../Frameworks",
				);
				MARKETING_VERSION = 1.0;
				PRODUCT_BUNDLE_IDENTIFIER = net.altepeter.AsciiquariumApp;
				PRODUCT_NAME = "$(TARGET_NAME)";
				REGISTER_APP_GROUPS = YES;
				STRING_CATALOG_GENERATE_SYMBOLS = YES;
				SWIFT_APPROACHABLE_CONCURRENCY = YES;
				SWIFT_DEFAULT_ACTOR_ISOLATION = MainActor;
				SWIFT_EMIT_LOC_STRINGS = YES;
				SWIFT_UPCOMING_FEATURE_MEMBER_IMPORT_VISIBILITY = YES;
				SWIFT_VERSION = 5.0;
			};
			name = Debug;
		};
		83DE43072EF4F75800680C01 /* Release */ = {
			isa = XCBuildConfiguration;
			buildSettings = {
				ASSETCATALOG_COMPILER_APPICON_NAME = AppIcon;
				ASSETCATALOG_COMPILER_GLOBAL_ACCENT_COLOR_NAME = AccentColor;
				CODE_SIGN_STYLE = Automatic;
				COMBINE_HIDPI_IMAGES = YES;
				CURRENT_PROJECT_VERSION = 1;
				DEVELOPMENT_TEAM = KZC6WCF868;
				ENABLE_APP_SANDBOX = YES;
				ENABLE_HARDENED_RUNTIME = YES;
				ENABLE_PREVIEWS = YES;
				ENABLE_USER_SELECTED_FILES = readonly;
				GENERATE_INFOPLIST_FILE = YES;
				INFOPLIST_KEY_NSHumanReadableCopyright = "";
				LD_RUNPATH_SEARCH_PATHS = (
					"$(inherited)",
					"@executable_path/../Frameworks",
				);
				MARKETING_VERSION = 1.0;
				PRODUCT_BUNDLE_IDENTIFIER = net.altepeter.AsciiquariumApp;
				PRODUCT_NAME = "$(TARGET_NAME)";
				REGISTER_APP_GROUPS = YES;
				STRING_CATALOG_GENERATE_SYMBOLS = YES;
				SWIFT_APPROACHABLE_CONCURRENCY = YES;
				SWIFT_DEFAULT_ACTOR_ISOLATION = MainActor;
				SWIFT_EMIT_LOC_STRINGS = YES;
				SWIFT_UPCOMING_FEATURE_MEMBER_IMPORT_VISIBILITY = YES;
				SWIFT_VERSION = 5.0;
			};
			name = Release;
		};
		83DE43092EF4F75800680C01 /* Debug */ = {
			isa = XCBuildConfiguration;
			buildSettings = {
				BUNDLE_LOADER = "$(TEST_HOST)";
				CODE_SIGN_STYLE = Automatic;
				CURRENT_PROJECT_VERSION = 1;
				DEVELOPMENT_TEAM = KZC6WCF868;
				GENERATE_INFOPLIST_FILE = YES;
				MACOSX_DEPLOYMENT_TARGET = 15.7;
				MARKETING_VERSION = 1.0;
				PRODUCT_BUNDLE_IDENTIFIER = net.altepeter.AsciiquariumAppTests;
				PRODUCT_NAME = "$(TARGET_NAME)";
				STRING_CATALOG_GENERATE_SYMBOLS = NO;
				SWIFT_APPROACHABLE_CONCURRENCY = YES;
				SWIFT_EMIT_LOC_STRINGS = NO;
				SWIFT_UPCOMING_FEATURE_MEMBER_IMPORT_VISIBILITY = YES;
				SWIFT_VERSION = 5.0;
				TEST_HOST = "$(BUILT_PRODUCTS_DIR)/AsciiquariumApp.app/$(BUNDLE_EXECUTABLE_FOLDER_PATH)/AsciiquariumApp";
			};
			name = Debug;
		};
		83DE430A2EF4F75800680C01 /* Release */ = {
			isa = XCBuildConfiguration;
			buildSettings = {
				BUNDLE_LOADER = "$(TEST_HOST)";
				CODE_SIGN_STYLE = Automatic;
				CURRENT_PROJECT_VERSION = 1;
				DEVELOPMENT_TEAM = KZC6WCF868;
				GENERATE_INFOPLIST_FILE = YES;
				MACOSX_DEPLOYMENT_TARGET = 15.7;
				MARKETING_VERSION = 1.0;
				PRODUCT_BUNDLE_IDENTIFIER = net.altepeter.AsciiquariumAppTests;
				PRODUCT_NAME = "$(TARGET_NAME)";
				STRING_CATALOG_GENERATE_SYMBOLS = NO;
				SWIFT_APPROACHABLE_CONCURRENCY = YES;
				SWIFT_EMIT_LOC_STRINGS = NO;
				SWIFT_UPCOMING_FEATURE_MEMBER_IMPORT_VISIBILITY = YES;
				SWIFT_VERSION = 5.0;
				TEST_HOST = "$(BUILT_PRODUCTS_DIR)/AsciiquariumApp.app/$(BUNDLE_EXECUTABLE_FOLDER_PATH)/AsciiquariumApp";
			};
			name = Release;
		};
		83DE430C2EF4F75800680C01 /* Debug */ = {
			isa = XCBuildConfiguration;
			buildSettings = {
				CODE_SIGN_STYLE = Automatic;
				CURRENT_PROJECT_VERSION = 1;
				DEVELOPMENT_TEAM = KZC6WCF868;
				GENERATE_INFOPLIST_FILE = YES;
				MARKETING_VERSION = 1.0;
				PRODUCT_BUNDLE_IDENTIFIER = net.altepeter.AsciiquariumAppUITests;
				PRODUCT_NAME = "$(TARGET_NAME)";
				STRING_CATALOG_GENERATE_SYMBOLS = NO;
				SWIFT_APPROACHABLE_CONCURRENCY = YES;
				SWIFT_EMIT_LOC_STRINGS = NO;
				SWIFT_UPCOMING_FEATURE_MEMBER_IMPORT_VISIBILITY = YES;
				SWIFT_VERSION = 5.0;
				TEST_TARGET_NAME = AsciiquariumApp;
			};
			name = Debug;
		};
		83DE430D2EF4F75800680C01 /* Release */ = {
			isa = XCBuildConfiguration;
			buildSettings = {
				CODE_SIGN_STYLE = Automatic;
				CURRENT_PROJECT_VERSION = 1;
				DEVELOPMENT_TEAM = KZC6WCF868;
				GENERATE_INFOPLIST_FILE = YES;
				MARKETING_VERSION = 1.0;
				PRODUCT_BUNDLE_IDENTIFIER = net.altepeter.AsciiquariumAppUITests;
				PRODUCT_NAME = "$(TARGET_NAME)";
				STRING_CATALOG_GENERATE_SYMBOLS = NO;
				SWIFT_APPROACHABLE_CONCURRENCY = YES;
				SWIFT_EMIT_LOC_STRINGS = NO;
				SWIFT_UPCOMING_FEATURE_MEMBER_IMPORT_VISIBILITY = YES;
				SWIFT_VERSION = 5.0;
				TEST_TARGET_NAME = AsciiquariumApp;
			};
			name = Release;
		};
/* End XCBuildConfiguration section */

/* Begin XCConfigurationList section */
		83DE42DF2EF4F75700680C01 /* Build configuration list for PBXProject "AsciiquariumApp" */ = {
			isa = XCConfigurationList;
			buildConfigurations = (
				83DE43032EF4F75800680C01 /* Debug */,
				83DE43042EF4F75800680C01 /* Release */,
			);
			defaultConfigurationIsVisible = 0;
			defaultConfigurationName = Release;
		};
		83DE43052EF4F75800680C01 /* Build configuration list for PBXNativeTarget "AsciiquariumApp" */ = {
			isa = XCConfigurationList;
			buildConfigurations = (
				83DE43062EF4F75800680C01 /* Debug */,
				83DE43072EF4F75800680C01 /* Release */,
			);
			defaultConfigurationIsVisible = 0;
			defaultConfigurationName = Release;
		};
		83DE43082EF4F75800680C01 /* Build configuration list for PBXNativeTarget "AsciiquariumAppTests" */ = {
			isa = XCConfigurationList;
			buildConfigurations = (
				83DE43092EF4F75800680C01 /* Debug */,
				83DE430A2EF4F75800680C01 /* Release */,
			);
			defaultConfigurationIsVisible = 0;
			defaultConfigurationName = Release;
		};
		83DE430B2EF4F75800680C01 /* Build configuration list for PBXNativeTarget "AsciiquariumAppUITests" */ = {
			isa = XCConfigurationList;
			buildConfigurations = (
				83DE430C2EF4F75800680C01 /* Debug */,
				83DE430D2EF4F75800680C01 /* Release */,
			);
			defaultConfigurationIsVisible = 0;
			defaultConfigurationName = Release;
		};
/* End XCConfigurationList section */

/* Begin XCLocalSwiftPackageReference section */
		83DE430E2EF4F76700680C01 /* XCLocalSwiftPackageReference "../../../asciiquarium-screensaver" */ = {
			isa = XCLocalSwiftPackageReference;
			relativePath = "../../../asciiquarium-screensaver";
		};
/* End XCLocalSwiftPackageReference section */

/* Begin XCSwiftPackageProductDependency section */
		83DE43102EF4F76F00680C01 /* AsciiquariumCore */ = {
			isa = XCSwiftPackageProductDependency;
			package = 83DE430E2EF4F76700680C01 /* XCLocalSwiftPackageReference "../../../asciiquarium-screensaver" */;
			productName = AsciiquariumCore;
		};
/* End XCSwiftPackageProductDependency section */
	};
	rootObject = 83DE42DC2EF4F75700680C01 /* Project object */;
}
