// !$*UTF8*$!
{
	archiveVersion = 1;
	classes = {
	};
	objectVersion = 77;
	objects = {

/* Begin PBXBuildFile section */
		83DE42D62EF4F6F700680C01 /* AsciiquariumCore in Frameworks */ = {isa = PBXBuildFile; productRef = 83DE42D52EF4F6F700680C01 /* AsciiquariumCore */; };
/* End PBXBuildFile section */

/* Begin PBXContainerItemProxy section */
		83DE42B72EF4F6D600680C01 /* PBXContainerItemProxy */ = {
			isa = PBXContainerItemProxy;
			containerPortal = 83DE42A12EF4F6D600680C01 /* Project object */;
			proxyType = 1;
			remoteGlobalIDString = 83DE42A82EF4F6D600680C01;
			remoteInfo = Asciiquarium;
		};
		83DE42C12EF4F6D700680C01 /* PBXContainerItemProxy */ = {
			isa = PBXContainerItemProxy;
			containerPortal = 83DE42A12EF4F6D600680C01 /* Project object */;
			proxyType = 1;
			remoteGlobalIDString = 83DE42A82EF4F6D600680C01;
			remoteInfo = Asciiquarium;
		};
/* End PBXContainerItemProxy section */

/* Begin PBXFileReference section */
		83DE42A92EF4F6D600680C01 /* Asciiquarium.app */ = {isa = PBXFileReference; explicitFileType = wrapper.application; includeInIndex = 0; path = Asciiquarium.app; sourceTree = BUILT_PRODUCTS_DIR; };
		83DE42B62EF4F6D600680C01 /* AsciiquariumTests.xctest */ = {isa = PBXFileReference; explicitFileType = wrapper.cfbundle; includeInIndex = 0; path = AsciiquariumTests.xctest; sourceTree = BUILT_PRODUCTS_DIR; };
		83DE42C02EF4F6D700680C01 /* AsciiquariumUITests.xctest */ = {isa = PBXFileReference; explicitFileType = wrapper.cfbundle; includeInIndex = 0; path = AsciiquariumUITests.xctest; sourceTree = BUILT_PRODUCTS_DIR; };
/* End PBXFileReference section */

/* Begin PBXFileSystemSynchronizedRootGroup section */
		83DE42AB2EF4F6D600680C01 /* Asciiquarium */ = {
			isa = PBXFileSystemSynchronizedRootGroup;
			path = Asciiquarium;
			sourceTree = "<group>";
		};
		83DE42B92EF4F6D700680C01 /* AsciiquariumTests */ = {
			isa = PBXFileSystemSynchronizedRootGroup;
			path = AsciiquariumTests;
			sourceTree = "<group>";
		};
		83DE42C32EF4F6D700680C01 /* AsciiquariumUITests */ = {
			isa = PBXFileSystemSynchronizedRootGroup;
			path = AsciiquariumUITests;
			sourceTree = "<group>";
		};
/* End PBXFileSystemSynchronizedRootGroup section */

/* Begin PBXFrameworksBuildPhase section */
		83DE42A62EF4F6D600680C01 /* Frameworks */ = {
			isa = PBXFrameworksBuildPhase;
			buildActionMask = 2147483647;
			files = (
				83DE42D62EF4F6F700680C01 /* AsciiquariumCore in Frameworks */,
			);
			runOnlyForDeploymentPostprocessing = 0;
		};
		83DE42B32EF4F6D600680C01 /* Frameworks */ = {
			isa = PBXFrameworksBuildPhase;
			buildActionMask = 2147483647;
			files = (
			);
			runOnlyForDeploymentPostprocessing = 0;
		};
		83DE42BD2EF4F6D700680C01 /* Frameworks */ = {
			isa = PBXFrameworksBuildPhase;
			buildActionMask = 2147483647;
			files = (
			);
			runOnlyForDeploymentPostprocessing = 0;
		};
/* End PBXFrameworksBuildPhase section */

/* Begin PBXGroup section */
		83DE42A02EF4F6D600680C01 = {
			isa = PBXGroup;
			children = (
				83DE42AB2EF4F6D600680C01 /* Asciiquarium */,
				83DE42B92EF4F6D700680C01 /* AsciiquariumTests */,
				83DE42C32EF4F6D700680C01 /* AsciiquariumUITests */,
				83DE42D42EF4F6F700680C01 /* Frameworks */,
				83DE42AA2EF4F6D600680C01 /* Products */,
			);
			sourceTree = "<group>";
		};
		83DE42AA2EF4F6D600680C01 /* Products */ = {
			isa = PBXGroup;
			children = (
				83DE42A92EF4F6D600680C01 /* Asciiquarium.app */,
				83DE42B62EF4F6D600680C01 /* AsciiquariumTests.xctest */,
				83DE42C02EF4F6D700680C01 /* AsciiquariumUITests.xctest */,
			);
			name = Products;
			sourceTree = "<group>";
		};
		83DE42D42EF4F6F700680C01 /* Frameworks */ = {
			isa = PBXGroup;
			children = (
			);
			name = Frameworks;
			sourceTree = "<group>";
		};
/* End PBXGroup section */

/* Begin PBXNativeTarget section */
		83DE42A82EF4F6D600680C01 /* Asciiquarium */ = {
			isa = PBXNativeTarget;
			buildConfigurationList = 83DE42CA2EF4F6D700680C01 /* Build configuration list for PBXNativeTarget "Asciiquarium" */;
			buildPhases = (
				83DE42A52EF4F6D600680C01 /* Sources */,
				83DE42A62EF4F6D600680C01 /* Frameworks */,
				83DE42A72EF4F6D600680C01 /* Resources */,
			);
			buildRules = (
			);
			dependencies = (
			);
			fileSystemSynchronizedGroups = (
				83DE42AB2EF4F6D600680C01 /* Asciiquarium */,
			);
			name = Asciiquarium;
			packageProductDependencies = (
				83DE42D52EF4F6F700680C01 /* AsciiquariumCore */,
			);
			productName = Asciiquarium;
			productReference = 83DE42A92EF4F6D600680C01 /* Asciiquarium.app */;
			productType = "com.apple.product-type.application";
		};
		83DE42B52EF4F6D600680C01 /* AsciiquariumTests */ = {
			isa = PBXNativeTarget;
			buildConfigurationList = 83DE42CD2EF4F6D700680C01 /* Build configuration list for PBXNativeTarget "AsciiquariumTests" */;
			buildPhases = (
				83DE42B22EF4F6D600680C01 /* Sources */,
				83DE42B32EF4F6D600680C01 /* Frameworks */,
				83DE42B42EF4F6D600680C01 /* Resources */,
			);
			buildRules = (
			);
			dependencies = (
				83DE42B82EF4F6D600680C01 /* PBXTargetDependency */,
			);
			fileSystemSynchronizedGroups = (
				83DE42B92EF4F6D700680C01 /* AsciiquariumTests */,
			);
			name = AsciiquariumTests;
			packageProductDependencies = (
			);
			productName = AsciiquariumTests;
			productReference = 83DE42B62EF4F6D600680C01 /* AsciiquariumTests.xctest */;
			productType = "com.apple.product-type.bundle.unit-test";
		};
		83DE42BF2EF4F6D700680C01 /* AsciiquariumUITests */ = {
			isa = PBXNativeTarget;
			buildConfigurationList = 83DE42D02EF4F6D700680C01 /* Build configuration list for PBXNativeTarget "AsciiquariumUITests" */;
			buildPhases = (
				83DE42BC2EF4F6D700680C01 /* Sources */,
				83DE42BD2EF4F6D700680C01 /* Frameworks */,
				83DE42BE2EF4F6D700680C01 /* Resources */,
			);
			buildRules = (
			);
			dependencies = (
				83DE42C22EF4F6D700680C01 /* PBXTargetDependency */,
			);
			fileSystemSynchronizedGroups = (
				83DE42C32EF4F6D700680C01 /* AsciiquariumUITests */,
			);
			name = AsciiquariumUITests;
			packageProductDependencies = (
			);
			productName = AsciiquariumUITests;
			productReference = 83DE42C02EF4F6D700680C01 /* AsciiquariumUITests.xctest */;
			productType = "com.apple.product-type.bundle.ui-testing";
		};
/* End PBXNativeTarget section */

/* Begin PBXProject section */
		83DE42A12EF4F6D600680C01 /* Project object */ = {
			isa = PBXProject;
			attributes = {
				BuildIndependentTargetsInParallel = 1;
				LastSwiftUpdateCheck = 2620;
				LastUpgradeCheck = 2620;
				TargetAttributes = {
					83DE42A82EF4F6D600680C01 = {
						CreatedOnToolsVersion = 26.2;
					};
					83DE42B52EF4F6D600680C01 = {
						CreatedOnToolsVersion = 26.2;
						TestTargetID = 83DE42A82EF4F6D600680C01;
					};
					83DE42BF2EF4F6D700680C01 = {
						CreatedOnToolsVersion = 26.2;
						TestTargetID = 83DE42A82EF4F6D600680C01;
					};
				};
			};
			buildConfigurationList = 83DE42A42EF4F6D600680C01 /* Build configuration list for PBXProject "Asciiquarium" */;
			developmentRegion = en;
			hasScannedForEncodings = 0;
			knownRegions = (
				en,
				Base,
			);
			mainGroup = 83DE42A02EF4F6D600680C01;
			minimizedProjectReferenceProxies = 1;
			packageReferences = (
				83DE42D32EF4F6ED00680C01 /* XCLocalSwiftPackageReference "../../../asciiquarium-screensaver" */,
			);
			preferredProjectObjectVersion = 77;
			productRefGroup = 83DE42AA2EF4F6D600680C01 /* Products */;
			projectDirPath = "";
			projectRoot = "";
			targets = (
				83DE42A82EF4F6D600680C01 /* Asciiquarium */,
				83DE42B52EF4F6D600680C01 /* AsciiquariumTests */,
				83DE42BF2EF4F6D700680C01 /* AsciiquariumUITests */,
			);
		};
/* End PBXProject section */

/* Begin PBXResourcesBuildPhase section */
		83DE42A72EF4F6D600680C01 /* Resources */ = {
			isa = PBXResourcesBuildPhase;
			buildActionMask = 2147483647;
			files = (
			);
			runOnlyForDeploymentPostprocessing = 0;
		};
		83DE42B42EF4F6D600680C01 /* Resources */ = {
			isa = PBXResourcesBuildPhase;
			buildActionMask = 2147483647;
			files = (
			);
			runOnlyForDeploymentPostprocessing = 0;
		};
		83DE42BE2EF4F6D700680C01 /* Resources */ = {
			isa = PBXResourcesBuildPhase;
			buildActionMask = 2147483647;
			files = (
			);
			runOnlyForDeploymentPostprocessing = 0;
		};
/* End PBXResourcesBuildPhase section */

/* Begin PBXSourcesBuildPhase section */
		83DE42A52EF4F6D600680C01 /* Sources */ = {
			isa = PBXSourcesBuildPhase;
			buildActionMask = 2147483647;
			files = (
			);
			runOnlyForDeploymentPostprocessing = 0;
		};
		83DE42B22EF4F6D600680C01 /* Sources */ = {
			isa = PBXSourcesBuildPhase;
			buildActionMask = 2147483647;
			files = (
			);
			runOnlyForDeploymentPostprocessing = 0;
		};
		83DE42BC2EF4F6D700680C01 /* Sources */ = {
			isa = PBXSourcesBuildPhase;
			buildActionMask = 2147483647;
			files = (
			);
			runOnlyForDeploymentPostprocessing = 0;
		};
/* End PBXSourcesBuildPhase section */

/* Begin PBXTargetDependency section */
		83DE42B82EF4F6D600680C01 /* PBXTargetDependency */ = {
			isa = PBXTargetDependency;
			target = 83DE42A82EF4F6D600680C01 /* Asciiquarium */;
			targetProxy = 83DE42B72EF4F6D600680C01 /* PBXContainerItemProxy */;
		};
		83DE42C22EF4F6D700680C01 /* PBXTargetDependency */ = {
			isa = PBXTargetDependency;
			target = 83DE42A82EF4F6D600680C01 /* Asciiquarium */;
			targetProxy = 83DE42C12EF4F6D700680C01 /* PBXContainerItemProxy */;
		};
/* End PBXTargetDependency section */

/* Begin XCBuildConfiguration section */
		83DE42C82EF4F6D700680C01 /* Debug */ = {
			isa = XCBuildConfiguration;
			buildSettings = {
				ALWAYS_SEARCH_USER_PATHS = NO;
				ASSETCATALOG_COMPILER_GENERATE_SWIFT_ASSET_SYMBOL_EXTENSIONS = YES;
				CLANG_ANALYZER_NONNULL = YES;
				CLANG_ANALYZER_NUMBER_OBJECT_CONVERSION = YES_AGGRESSIVE;
				CLANG_CXX_LANGUAGE_STANDARD = "gnu++20";
				CLANG_ENABLE_MODULES = YES;
				CLANG_ENABLE_OBJC_ARC = YES;
				CLANG_ENABLE_OBJC_WEAK = YES;
				CLANG_WARN_BLOCK_CAPTURE_AUTORELEASING = YES;
				CLANG_WARN_BOOL_CONVERSION = YES;
				CLANG_WARN_COMMA = YES;
				CLANG_WARN_CONSTANT_CONVERSION = YES;
				CLANG_WARN_DEPRECATED_OBJC_IMPLEMENTATIONS = YES;
				CLANG_WARN_DIRECT_OBJC_ISA_USAGE = YES_ERROR;
				CLANG_WARN_DOCUMENTATION_COMMENTS = YES;
				CLANG_WARN_EMPTY_BODY = YES;
				CLANG_WARN_ENUM_CONVERSION = YES;
				CLANG_WARN_INFINITE_RECURSION = YES;
				CLANG_WARN_INT_CONVERSION = YES;
				CLANG_WARN_NON_LITERAL_NULL_CONVERSION = YES;
				CLANG_WARN_OBJC_IMPLICIT_RETAIN_SELF = YES;
				CLANG_WARN_OBJC_LITERAL_CONVERSION = YES;
				CLANG_WARN_OBJC_ROOT_CLASS = YES_ERROR;
				CLANG_WARN_QUOTED_INCLUDE_IN_FRAMEWORK_HEADER = YES;
				CLANG_WARN_RANGE_LOOP_ANALYSIS = YES;
				CLANG_WARN_STRICT_PROTOTYPES = YES;
				CLANG_WARN_SUSPICIOUS_MOVE = YES;
				CLANG_WARN_UNGUARDED_AVAILABILITY = YES_AGGRESSIVE;
				CLANG_WARN_UNREACHABLE_CODE = YES;
				CLANG_WARN__DUPLICATE_METHOD_MATCH = YES;
				COPY_PHASE_STRIP = NO;
				DEBUG_INFORMATION_FORMAT = dwarf;
				DEVELOPMENT_TEAM = KZC6WCF868;
				ENABLE_STRICT_OBJC_MSGSEND = YES;
				ENABLE_TESTABILITY = YES;
				ENABLE_USER_SCRIPT_SANDBOXING = YES;
				GCC_C_LANGUAGE_STANDARD = gnu17;
				GCC_DYNAMIC_NO_PIC = NO;
				GCC_NO_COMMON_BLOCKS = YES;
				GCC_OPTIMIZATION_LEVEL = 0;
				GCC_PREPROCESSOR_DEFINITIONS = (
					"DEBUG=1",
					"$(inherited)",
				);
				GCC_WARN_64_TO_32_BIT_CONVERSION = YES;
				GCC_WARN_ABOUT_RETURN_TYPE = YES_ERROR;
				GCC_WARN_UNDECLARED_SELECTOR = YES;
				GCC_WARN_UNINITIALIZED_AUTOS = YES_AGGRESSIVE;
				GCC_WARN_UNUSED_FUNCTION = YES;
				GCC_WARN_UNUSED_VARIABLE = YES;
				LOCALIZATION_PREFERS_STRING_CATALOGS = YES;
				MACOSX_DEPLOYMENT_TARGET = 15.7;
				MTL_ENABLE_DEBUG_INFO = INCLUDE_SOURCE;
				MTL_FAST_MATH = YES;
				ONLY_ACTIVE_ARCH = YES;
				SDKROOT = macosx;
				SWIFT_ACTIVE_COMPILATION_CONDITIONS = "DEBUG $(inherited)";
				SWIFT_OPTIMIZATION_LEVEL = "-Onone";
			};
			name = Debug;
		};
		83DE42C92EF4F6D700680C01 /* Release */ = {
			isa = XCBuildConfiguration;
			buildSettings = {
				ALWAYS_SEARCH_USER_PATHS = NO;
				ASSETCATALOG_COMPILER_GENERATE_SWIFT_ASSET_SYMBOL_EXTENSIONS = YES;
				CLANG_ANALYZER_NONNULL = YES;
				CLANG_ANALYZER_NUMBER_OBJECT_CONVERSION = YES_AGGRESSIVE;
				CLANG_CXX_LANGUAGE_STANDARD = "gnu++20";
				CLANG_ENABLE_MODULES = YES;
				CLANG_ENABLE_OBJC_ARC = YES;
				CLANG_ENABLE_OBJC_WEAK = YES;
				CLANG_WARN_BLOCK_CAPTURE_AUTORELEASING = YES;
				CLANG_WARN_BOOL_CONVERSION = YES;
				CLANG_WARN_COMMA = YES;
				CLANG_WARN_CONSTANT_CONVERSION = YES;
				CLANG_WARN_DEPRECATED_OBJC_IMPLEMENTATIONS = YES;
				CLANG_WARN_DIRECT_OBJC_ISA_USAGE = YES_ERROR;
				CLANG_WARN_DOCUMENTATION_COMMENTS = YES;
				CLANG_WARN_EMPTY_BODY = YES;
				CLANG_WARN_ENUM_CONVERSION = YES;
				CLANG_WARN_INFINITE_RECURSION = YES;
				CLANG_WARN_INT_CONVERSION = YES;
				CLANG_WARN_NON_LITERAL_NULL_CONVERSION = YES;
				CLANG_WARN_OBJC_IMPLICIT_RETAIN_SELF = YES;
				CLANG_WARN_OBJC_LITERAL_CONVERSION = YES;
				CLANG_WARN_OBJC_ROOT_CLASS = YES_ERROR;
				CLANG_WARN_QUOTED_INCLUDE_IN_FRAMEWORK_HEADER = YES;
				CLANG_WARN_RANGE_LOOP_ANALYSIS = YES;
				CLANG_WARN_STRICT_PROTOTYPES = YES;
				CLANG_WARN_SUSPICIOUS_MOVE = YES;
				CLANG_WARN_UNGUARDED_AVAILABILITY = YES_AGGRESSIVE;
				CLANG_WARN_UNREACHABLE_CODE = YES;
				CLANG_WARN__DUPLICATE_METHOD_MATCH = YES;
				COPY_PHASE_STRIP = NO;
				DEBUG_INFORMATION_FORMAT = "dwarf-with-dsym";
				DEVELOPMENT_TEAM = KZC6WCF868;
				ENABLE_NS_ASSERTIONS = NO;
				ENABLE_STRICT_OBJC_MSGSEND = YES;
				ENABLE_USER_SCRIPT_SANDBOXING = YES;
				GCC_C_LANGUAGE_STANDARD = gnu17;
				GCC_NO_COMMON_BLOCKS = YES;
				GCC_WARN_64_TO_32_BIT_CONVERSION = YES;
				GCC_WARN_ABOUT_RETURN_TYPE = YES_ERROR;
				GCC_WARN_UNDECLARED_SELECTOR = YES;
				GCC_WARN_UNINITIALIZED_AUTOS = YES_AGGRESSIVE;
				GCC_WARN_UNUSED_FUNCTION = YES;
				GCC_WARN_UNUSED_VARIABLE = YES;
				LOCALIZATION_PREFERS_STRING_CATALOGS = YES;
				MACOSX_DEPLOYMENT_TARGET = 15.7;
				MTL_ENABLE_DEBUG_INFO = NO;
				MTL_FAST_MATH = YES;
				SDKROOT = macosx;
				SWIFT_COMPILATION_MODE = wholemodule;
			};
			name = Release;
		};
		83DE42CB2EF4F6D700680C01 /* Debug */ = {
			isa = XCBuildConfiguration;
			buildSettings = {
				ASSETCATALOG_COMPILER_APPICON_NAME = AppIcon;
				ASSETCATALOG_COMPILER_GLOBAL_ACCENT_COLOR_NAME = AccentColor;
				CODE_SIGN_STYLE = Automatic;
				COMBINE_HIDPI_IMAGES = YES;
				CURRENT_PROJECT_VERSION = 1;
				DEVELOPMENT_TEAM = KZC6WCF868;
				ENABLE_APP_SANDBOX = YES;
				ENABLE_HARDENED_RUNTIME = YES;
				ENABLE_PREVIEWS = YES;
				ENABLE_USER_SELECTED_FILES = readonly;
				GENERATE_INFOPLIST_FILE = YES;
				INFOPLIST_KEY_NSHumanReadableCopyright = "";
				LD_RUNPATH_SEARCH_PATHS = (
					"$(inherited)",
					"@executable_path/../Frameworks",
				);
				MARKETING_VERSION = 1.0;
				PRODUCT_BUNDLE_IDENTIFIER = net.altepeter.Asciiquarium;
				PRODUCT_NAME = "$(TARGET_NAME)";
				REGISTER_APP_GROUPS = YES;
				STRING_CATALOG_GENERATE_SYMBOLS = YES;
				SWIFT_APPROACHABLE_CONCURRENCY = YES;
				SWIFT_DEFAULT_ACTOR_ISOLATION = MainActor;
				SWIFT_EMIT_LOC_STRINGS = YES;
				SWIFT_UPCOMING_FEATURE_MEMBER_IMPORT_VISIBILITY = YES;
				SWIFT_VERSION = 5.0;
			};
			name = Debug;
		};
		83DE42CC2EF4F6D700680C01 /* Release */ = {
			isa = XCBuildConfiguration;
			buildSettings = {
				ASSETCATALOG_COMPILER_APPICON_NAME = AppIcon;
				ASSETCATALOG_COMPILER_GLOBAL_ACCENT_COLOR_NAME = AccentColor;
				CODE_SIGN_STYLE = Automatic;
				COMBINE_HIDPI_IMAGES = YES;
				CURRENT_PROJECT_VERSION = 1;
				DEVELOPMENT_TEAM = KZC6WCF868;
				ENABLE_APP_SANDBOX = YES;
				ENABLE_HARDENED_RUNTIME = YES;
				ENABLE_PREVIEWS = YES;
				ENABLE_USER_SELECTED_FILES = readonly;
				GENERATE_INFOPLIST_FILE = YES;
				INFOPLIST_KEY_NSHumanReadableCopyright = "";
				LD_RUNPATH_SEARCH_PATHS = (
					"$(inherited)",
					"@executable_path/../Frameworks",
				);
				MARKETING_VERSION = 1.0;
				PRODUCT_BUNDLE_IDENTIFIER = net.altepeter.Asciiquarium;
				PRODUCT_NAME = "$(TARGET_NAME)";
				REGISTER_APP_GROUPS = YES;
				STRING_CATALOG_GENERATE_SYMBOLS = YES;
				SWIFT_APPROACHABLE_CONCURRENCY = YES;
				SWIFT_DEFAULT_ACTOR_ISOLATION = MainActor;
				SWIFT_EMIT_LOC_STRINGS = YES;
				SWIFT_UPCOMING_FEATURE_MEMBER_IMPORT_VISIBILITY = YES;
				SWIFT_VERSION = 5.0;
			};
			name = Release;
		};
		83DE42CE2EF4F6D700680C01 /* Debug */ = {
			isa = XCBuildConfiguration;
			buildSettings = {
				BUNDLE_LOADER = "$(TEST_HOST)";
				CODE_SIGN_STYLE = Automatic;
				CURRENT_PROJECT_VERSION = 1;
				DEVELOPMENT_TEAM = KZC6WCF868;
				GENERATE_INFOPLIST_FILE = YES;
				MACOSX_DEPLOYMENT_TARGET = 15.7;
				MARKETING_VERSION = 1.0;
				PRODUCT_BUNDLE_IDENTIFIER = net.altepeter.AsciiquariumTests;
				PRODUCT_NAME = "$(TARGET_NAME)";
				STRING_CATALOG_GENERATE_SYMBOLS = NO;
				SWIFT_APPROACHABLE_CONCURRENCY = YES;
				SWIFT_EMIT_LOC_STRINGS = NO;
				SWIFT_UPCOMING_FEATURE_MEMBER_IMPORT_VISIBILITY = YES;
				SWIFT_VERSION = 5.0;
				TEST_HOST = "$(BUILT_PRODUCTS_DIR)/Asciiquarium.app/$(BUNDLE_EXECUTABLE_FOLDER_PATH)/Asciiquarium";
			};
			name = Debug;
		};
		83DE42CF2EF4F6D700680C01 /* Release */ = {
			isa = XCBuildConfiguration;
			buildSettings = {
				BUNDLE_LOADER = "$(TEST_HOST)";
				CODE_SIGN_STYLE = Automatic;
				CURRENT_PROJECT_VERSION = 1;
				DEVELOPMENT_TEAM = KZC6WCF868;
				GENERATE_INFOPLIST_FILE = YES;
				MACOSX_DEPLOYMENT_TARGET = 15.7;
				MARKETING_VERSION = 1.0;
				PRODUCT_BUNDLE_IDENTIFIER = net.altepeter.AsciiquariumTests;
				PRODUCT_NAME = "$(TARGET_NAME)";
				STRING_CATALOG_GENERATE_SYMBOLS = NO;
				SWIFT_APPROACHABLE_CONCURRENCY = YES;
				SWIFT_EMIT_LOC_STRINGS = NO;
				SWIFT_UPCOMING_FEATURE_MEMBER_IMPORT_VISIBILITY = YES;
				SWIFT_VERSION = 5.0;
				TEST_HOST = "$(BUILT_PRODUCTS_DIR)/Asciiquarium.app/$(BUNDLE_EXECUTABLE_FOLDER_PATH)/Asciiquarium";
			};
			name = Release;
		};
		83DE42D12EF4F6D700680C01 /* Debug */ = {
			isa = XCBuildConfiguration;
			buildSettings = {
				CODE_SIGN_STYLE = Automatic;
				CURRENT_PROJECT_VERSION = 1;
				DEVELOPMENT_TEAM = KZC6WCF868;
				GENERATE_INFOPLIST_FILE = YES;
				MARKETING_VERSION = 1.0;
				PRODUCT_BUNDLE_IDENTIFIER = net.altepeter.AsciiquariumUITests;
				PRODUCT_NAME = "$(TARGET_NAME)";
				STRING_CATALOG_GENERATE_SYMBOLS = NO;
				SWIFT_APPROACHABLE_CONCURRENCY = YES;
				SWIFT_EMIT_LOC_STRINGS = NO;
				SWIFT_UPCOMING_FEATURE_MEMBER_IMPORT_VISIBILITY = YES;
				SWIFT_VERSION = 5.0;
				TEST_TARGET_NAME = Asciiquarium;
			};
			name = Debug;
		};
		83DE42D22EF4F6D700680C01 /* Release */ = {
			isa = XCBuildConfiguration;
			buildSettings = {
				CODE_SIGN_STYLE = Automatic;
				CURRENT_PROJECT_VERSION = 1;
				DEVELOPMENT_TEAM = KZC6WCF868;
				GENERATE_INFOPLIST_FILE = YES;
				MARKETING_VERSION = 1.0;
				PRODUCT_BUNDLE_IDENTIFIER = net.altepeter.AsciiquariumUITests;
				PRODUCT_NAME = "$(TARGET_NAME)";
				STRING_CATALOG_GENERATE_SYMBOLS = NO;
				SWIFT_APPROACHABLE_CONCURRENCY = YES;
				SWIFT_EMIT_LOC_STRINGS = NO;
				SWIFT_UPCOMING_FEATURE_MEMBER_IMPORT_VISIBILITY = YES;
				SWIFT_VERSION = 5.0;
				TEST_TARGET_NAME = Asciiquarium;
			};
			name = Release;
		};
/* End XCBuildConfiguration section */

/* Begin XCConfigurationList section */
		83DE42A42EF4F6D600680C01 /* Build configuration list for PBXProject "Asciiquarium" */ = {
			isa = XCConfigurationList;
			buildConfigurations = (
				83DE42C82EF4F6D700680C01 /* Debug */,
				83DE42C92EF4F6D700680C01 /* Release */,
			);
			defaultConfigurationIsVisible = 0;
			defaultConfigurationName = Release;
		};
		83DE42CA2EF4F6D700680C01 /* Build configuration list for PBXNativeTarget "Asciiquarium" */ = {
			isa = XCConfigurationList;
			buildConfigurations = (
				83DE42CB2EF4F6D700680C01 /* Debug */,
				83DE42CC2EF4F6D700680C01 /* Release */,
			);
			defaultConfigurationIsVisible = 0;
			defaultConfigurationName = Release;
		};
		83DE42CD2EF4F6D700680C01 /* Build configuration list for PBXNativeTarget "AsciiquariumTests" */ = {
			isa = XCConfigurationList;
			buildConfigurations = (
				83DE42CE2EF4F6D700680C01 /* Debug */,
				83DE42CF2EF4F6D700680C01 /* Release */,
			);
			defaultConfigurationIsVisible = 0;
			defaultConfigurationName = Release;
		};
		83DE42D02EF4F6D700680C01 /* Build configuration list for PBXNativeTarget "AsciiquariumUITests" */ = {
			isa = XCConfigurationList;
			buildConfigurations = (
				83DE42D12EF4F6D700680C01 /* Debug */,
				83DE42D22EF4F6D700680C01 /* Release */,
			);
			defaultConfigurationIsVisible = 0;
			defaultConfigurationName = Release;
		};
/* End XCConfigurationList section */

/* Begin XCLocalSwiftPackageReference section */
		83DE42D32EF4F6ED00680C01 /* XCLocalSwiftPackageReference "../../../asciiquarium-screensaver" */ = {
			isa = XCLocalSwiftPackageReference;
			relativePath = "../../../asciiquarium-screensaver";
		};
/* End XCLocalSwiftPackageReference section */

/* Begin XCSwiftPackageProductDependency section */
		83DE42D52EF4F6F700680C01 /* AsciiquariumCore */ = {
			isa = XCSwiftPackageProductDependency;
			package = 83DE42D32EF4F6ED00680C01 /* XCLocalSwiftPackageReference "../../../asciiquarium-screensaver" */;
			productName = AsciiquariumCore;
		};
/* End XCSwiftPackageProductDependency section */
	};
	rootObject = 83DE42A12EF4F6D600680C01 /* Project object */;
}
